
Microsoft Visual Studio Solution File, Format Version 12.00
# Visual Studio 15
VisualStudioVersion = 15.0.28307.1525
MinimumVisualStudioVersion = 10.0.40219.1
Project("{8BC9CEB8-8B4A-11D0-8D11-00A0C91BC942}") = "NPP_GAMMA", "NPP_GAMMA\NPP_GAMMA.vcxproj", "{DA7B3719-5C8F-4433-8CE6-F0F72024145C}"
EndProject
Global
	GlobalSection(SolutionConfigurationPlatforms) = preSolution
		Debug|x64 = Debug|x64
		Debug|x86 = Debug|x86
		Release|x64 = Release|x64
		Release|x86 = Release|x86
	EndGlobalSection
	GlobalSection(ProjectConfigurationPlatforms) = postSolution
		{DA7B3719-5C8F-4433-8CE6-F0F72024145C}.Debug|x64.ActiveCfg = Debug|x64
		{DA7B3719-5C8F-4433-8CE6-F0F72024145C}.Debug|x64.Build.0 = Debug|x64
		{DA7B3719-5C8F-4433-8CE6-F0F72024145C}.Debug|x86.ActiveCfg = Debug|Win32
		{DA7B3719-5C8F-4433-8CE6-F0F72024145C}.Debug|x86.Build.0 = Debug|Win32
		{DA7B3719-5C8F-4433-8CE6-F0F72024145C}.Release|x64.ActiveCfg = Release|x64
		{DA7B3719-5C8F-4433-8CE6-F0F72024145C}.Release|x64.Build.0 = Release|x64
		{DA7B3719-5C8F-4433-8CE6-F0F72024145C}.Release|x86.ActiveCfg = Release|Win32
		{DA7B3719-5C8F-4433-8CE6-F0F72024145C}.Release|x86.Build.0 = Release|Win32
	EndGlobalSection
	GlobalSection(SolutionProperties) = preSolution
		HideSolutionNode = FALSE
	EndGlobalSection
	GlobalSection(ExtensibilityGlobals) = postSolution
		SolutionGuid = {48FE05C7-371C-4321-8755-3EEF46945357}
	EndGlobalSection
EndGlobal
